
Microsoft Visual Studio Solution File, Format Version 12.00
# Visual Studio Version 17
VisualStudioVersion = 17.0.32014.148
MinimumVisualStudioVersion = 10.0.40219.1
Project("{FAE04EC0-301F-11D3-BF4B-00C04F79EFBC}") = "fitness_app.BL", "fitness_app.BL\fitness_app.BL.csproj", "{AA4CE6AA-A97E-415D-ADD9-18BD0501F148}"
EndProject
Global
	GlobalSection(SolutionConfigurationPlatforms) = preSolution
		Debug|Any CPU = Debug|Any CPU
		Release|Any CPU = Release|Any CPU
	EndGlobalSection
	GlobalSection(ProjectConfigurationPlatforms) = postSolution
		{AA4CE6AA-A97E-415D-ADD9-18BD0501F148}.Debug|Any CPU.ActiveCfg = Debug|Any CPU
		{AA4CE6AA-A97E-415D-ADD9-18BD0501F148}.Debug|Any CPU.Build.0 = Debug|Any CPU
		{AA4CE6AA-A97E-415D-ADD9-18BD0501F148}.Release|Any CPU.ActiveCfg = Release|Any CPU
		{AA4CE6AA-A97E-415D-ADD9-18BD0501F148}.Release|Any CPU.Build.0 = Release|Any CPU
	EndGlobalSection
	GlobalSection(SolutionProperties) = preSolution
		HideSolutionNode = FALSE
	EndGlobalSection
	GlobalSection(ExtensibilityGlobals) = postSolution
		SolutionGuid = {C2FBB00B-B7E0-4A9C-A86C-1AB7AF29CBC8}
	EndGlobalSection
EndGlobal
